
Microsoft Visual Studio Solution File, Format Version 12.00
# Visual Studio 15
VisualStudioVersion = 15.0.27428.2015
MinimumVisualStudioVersion = 10.0.40219.1
Project("{FAE04EC0-301F-11D3-BF4B-00C04F79EFBC}") = "KpopSimEngine", "KpopSimEngine\KpopSimEngine.csproj", "{7FB1EA5F-DD6E-451B-9983-C4BF92612F13}"
EndProject
Project("{FAE04EC0-301F-11D3-BF4B-00C04F79EFBC}") = "KpopSimEngineTests", "KpopSimEngineTests\KpopSimEngineTests.csproj", "{DFD0BEF8-DDF1-42AB-9FAF-02F538EF6EDF}"
EndProject
Global
	GlobalSection(SolutionConfigurationPlatforms) = preSolution
		Debug|Any CPU = Debug|Any CPU
		Release|Any CPU = Release|Any CPU
	EndGlobalSection
	GlobalSection(ProjectConfigurationPlatforms) = postSolution
		{7FB1EA5F-DD6E-451B-9983-C4BF92612F13}.Debug|Any CPU.ActiveCfg = Debug|Any CPU
		{7FB1EA5F-DD6E-451B-9983-C4BF92612F13}.Debug|Any CPU.Build.0 = Debug|Any CPU
		{7FB1EA5F-DD6E-451B-9983-C4BF92612F13}.Release|Any CPU.ActiveCfg = Release|Any CPU
		{7FB1EA5F-DD6E-451B-9983-C4BF92612F13}.Release|Any CPU.Build.0 = Release|Any CPU
		{DFD0BEF8-DDF1-42AB-9FAF-02F538EF6EDF}.Debug|Any CPU.ActiveCfg = Debug|Any CPU
		{DFD0BEF8-DDF1-42AB-9FAF-02F538EF6EDF}.Debug|Any CPU.Build.0 = Debug|Any CPU
		{DFD0BEF8-DDF1-42AB-9FAF-02F538EF6EDF}.Release|Any CPU.ActiveCfg = Release|Any CPU
		{DFD0BEF8-DDF1-42AB-9FAF-02F538EF6EDF}.Release|Any CPU.Build.0 = Release|Any CPU
	EndGlobalSection
	GlobalSection(SolutionProperties) = preSolution
		HideSolutionNode = FALSE
	EndGlobalSection
	GlobalSection(ExtensibilityGlobals) = postSolution
		SolutionGuid = {4D746FB8-CED8-4DAA-8399-9A5845B83DD5}
	EndGlobalSection
EndGlobal
